// !$*UTF8*$!
{
	archiveVersion = 1;
	classes = {
	};
	objectVersion = 46;
	objects = {

/* Begin PBXBuildFile section */
		2EA1210B1C1A03D400847179 /* AppDelegate.swift in Sources */ = {isa = PBXBuildFile; fileRef = 2EA1210A1C1A03D400847179 /* AppDelegate.swift */; };
		2EA1210D1C1A03D400847179 /* ViewController.swift in Sources */ = {isa = PBXBuildFile; fileRef = 2EA1210C1C1A03D400847179 /* ViewController.swift */; };
		2EA121101C1A03D400847179 /* Main.storyboard in Resources */ = {isa = PBXBuildFile; fileRef = 2EA1210E1C1A03D400847179 /* Main.storyboard */; };
		2EA121121C1A03D400847179 /* Assets.xcassets in Resources */ = {isa = PBXBuildFile; fileRef = 2EA121111C1A03D400847179 /* Assets.xcassets */; };
		2EA121151C1A03D400847179 /* LaunchScreen.storyboard in Resources */ = {isa = PBXBuildFile; fileRef = 2EA121131C1A03D400847179 /* LaunchScreen.storyboard */; };
		2EA121201C1A03D400847179 /* MultiplesTests.swift in Sources */ = {isa = PBXBuildFile; fileRef = 2EA1211F1C1A03D400847179 /* MultiplesTests.swift */; };
		2EA1212B1C1A03D400847179 /* MultiplesUITests.swift in Sources */ = {isa = PBXBuildFile; fileRef = 2EA1212A1C1A03D400847179 /* MultiplesUITests.swift */; };
/* End PBXBuildFile section */

/* Begin PBXContainerItemProxy section */
		2EA1211C1C1A03D400847179 /* PBXContainerItemProxy */ = {
			isa = PBXContainerItemProxy;
			containerPortal = 2EA120FF1C1A03D400847179 /* Project object */;
			proxyType = 1;
			remoteGlobalIDString = 2EA121061C1A03D400847179;
			remoteInfo = Multiples;
		};
		2EA121271C1A03D400847179 /* PBXContainerItemProxy */ = {
			isa = PBXContainerItemProxy;
			containerPortal = 2EA120FF1C1A03D400847179 /* Project object */;
			proxyType = 1;
			remoteGlobalIDString = 2EA121061C1A03D400847179;
			remoteInfo = Multiples;
		};
/* End PBXContainerItemProxy section */

/* Begin PBXFileReference section */
		2EA121071C1A03D400847179 /* Multiples.app */ = {isa = PBXFileReference; explicitFileType = wrapper.application; includeInIndex = 0; path = Multiples.app; sourceTree = BUILT_PRODUCTS_DIR; };
		2EA1210A1C1A03D400847179 /* AppDelegate.swift */ = {isa = PBXFileReference; lastKnownFileType = sourcecode.swift; path = AppDelegate.swift; sourceTree = "<group>"; };
		2EA1210C1C1A03D400847179 /* ViewController.swift */ = {isa = PBXFileReference; lastKnownFileType = sourcecode.swift; path = ViewController.swift; sourceTree = "<group>"; };
		2EA1210F1C1A03D400847179 /* Base */ = {isa = PBXFileReference; lastKnownFileType = file.storyboard; name = Base; path = Base.lproj/Main.storyboard; sourceTree = "<group>"; };
		2EA121111C1A03D400847179 /* Assets.xcassets */ = {isa = PBXFileReference; lastKnownFileType = folder.assetcatalog; path = Assets.xcassets; sourceTree = "<group>"; };
		2EA121141C1A03D400847179 /* Base */ = {isa = PBXFileReference; lastKnownFileType = file.storyboard; name = Base; path = Base.lproj/LaunchScreen.storyboard; sourceTree = "<group>"; };
		2EA121161C1A03D400847179 /* Info.plist */ = {isa = PBXFileReference; lastKnownFileType = text.plist.xml; path = Info.plist; sourceTree = "<group>"; };
		2EA1211B1C1A03D400847179 /* MultiplesTests.xctest */ = {isa = PBXFileReference; explicitFileType = wrapper.cfbundle; includeInIndex = 0; path = MultiplesTests.xctest; sourceTree = BUILT_PRODUCTS_DIR; };
		2EA1211F1C1A03D400847179 /* MultiplesTests.swift */ = {isa = PBXFileReference; lastKnownFileType = sourcecode.swift; path = MultiplesTests.swift; sourceTree = "<group>"; };
		2EA121211C1A03D400847179 /* Info.plist */ = {isa = PBXFileReference; lastKnownFileType = text.plist.xml; path = Info.plist; sourceTree = "<group>"; };
		2EA121261C1A03D400847179 /* MultiplesUITests.xctest */ = {isa = PBXFileReference; explicitFileType = wrapper.cfbundle; includeInIndex = 0; path = MultiplesUITests.xctest; sourceTree = BUILT_PRODUCTS_DIR; };
		2EA1212A1C1A03D400847179 /* MultiplesUITests.swift */ = {isa = PBXFileReference; lastKnownFileType = sourcecode.swift; path = MultiplesUITests.swift; sourceTree = "<group>"; };
		2EA1212C1C1A03D400847179 /* Info.plist */ = {isa = PBXFileReference; lastKnownFileType = text.plist.xml; path = Info.plist; sourceTree = "<group>"; };
/* End PBXFileReference section */

/* Begin PBXFrameworksBuildPhase section */
		2EA121041C1A03D400847179 /* Frameworks */ = {
			isa = PBXFrameworksBuildPhase;
			buildActionMask = 2147483647;
			files = (
			);
			runOnlyForDeploymentPostprocessing = 0;
		};
		2EA121181C1A03D400847179 /* Frameworks */ = {
			isa = PBXFrameworksBuildPhase;
			buildActionMask = 2147483647;
			files = (
			);
			runOnlyForDeploymentPostprocessing = 0;
		};
		2EA121231C1A03D400847179 /* Frameworks */ = {
			isa = PBXFrameworksBuildPhase;
			buildActionMask = 2147483647;
			files = (
			);
			runOnlyForDeploymentPostprocessing = 0;
		};
/* End PBXFrameworksBuildPhase section */

/* Begin PBXGroup section */
		2EA120FE1C1A03D400847179 = {
			isa = PBXGroup;
			children = (
				2EA121091C1A03D400847179 /* Multiples */,
				2EA1211E1C1A03D400847179 /* MultiplesTests */,
				2EA121291C1A03D400847179 /* MultiplesUITests */,
				2EA121081C1A03D400847179 /* Products */,
			);
			sourceTree = "<group>";
		};
		2EA121081C1A03D400847179 /* Products */ = {
			isa = PBXGroup;
			children = (
				2EA121071C1A03D400847179 /* Multiples.app */,
				2EA1211B1C1A03D400847179 /* MultiplesTests.xctest */,
				2EA121261C1A03D400847179 /* MultiplesUITests.xctest */,
			);
			name = Products;
			sourceTree = "<group>";
		};
		2EA121091C1A03D400847179 /* Multiples */ = {
			isa = PBXGroup;
			children = (
				2EA1210A1C1A03D400847179 /* AppDelegate.swift */,
				2EA1210C1C1A03D400847179 /* ViewController.swift */,
				2EA1210E1C1A03D400847179 /* Main.storyboard */,
				2EA121111C1A03D400847179 /* Assets.xcassets */,
				2EA121131C1A03D400847179 /* LaunchScreen.storyboard */,
				2EA121161C1A03D400847179 /* Info.plist */,
			);
			path = Multiples;
			sourceTree = "<group>";
		};
		2EA1211E1C1A03D400847179 /* MultiplesTests */ = {
			isa = PBXGroup;
			children = (
				2EA1211F1C1A03D400847179 /* MultiplesTests.swift */,
				2EA121211C1A03D400847179 /* Info.plist */,
			);
			path = MultiplesTests;
			sourceTree = "<group>";
		};
		2EA121291C1A03D400847179 /* MultiplesUITests */ = {
			isa = PBXGroup;
			children = (
				2EA1212A1C1A03D400847179 /* MultiplesUITests.swift */,
				2EA1212C1C1A03D400847179 /* Info.plist */,
			);
			path = MultiplesUITests;
			sourceTree = "<group>";
		};
/* End PBXGroup section */

/* Begin PBXNativeTarget section */
		2EA121061C1A03D400847179 /* Multiples */ = {
			isa = PBXNativeTarget;
			buildConfigurationList = 2EA1212F1C1A03D400847179 /* Build configuration list for PBXNativeTarget "Multiples" */;
			buildPhases = (
				2EA121031C1A03D400847179 /* Sources */,
				2EA121041C1A03D400847179 /* Frameworks */,
				2EA121051C1A03D400847179 /* Resources */,
			);
			buildRules = (
			);
			dependencies = (
			);
			name = Multiples;
			productName = Multiples;
			productReference = 2EA121071C1A03D400847179 /* Multiples.app */;
			productType = "com.apple.product-type.application";
		};
		2EA1211A1C1A03D400847179 /* MultiplesTests */ = {
			isa = PBXNativeTarget;
			buildConfigurationList = 2EA121321C1A03D400847179 /* Build configuration list for PBXNativeTarget "MultiplesTests" */;
			buildPhases = (
				2EA121171C1A03D400847179 /* Sources */,
				2EA121181C1A03D400847179 /* Frameworks */,
				2EA121191C1A03D400847179 /* Resources */,
			);
			buildRules = (
			);
			dependencies = (
				2EA1211D1C1A03D400847179 /* PBXTargetDependency */,
			);
			name = MultiplesTests;
			productName = MultiplesTests;
			productReference = 2EA1211B1C1A03D400847179 /* MultiplesTests.xctest */;
			productType = "com.apple.product-type.bundle.unit-test";
		};
		2EA121251C1A03D400847179 /* MultiplesUITests */ = {
			isa = PBXNativeTarget;
			buildConfigurationList = 2EA121351C1A03D400847179 /* Build configuration list for PBXNativeTarget "MultiplesUITests" */;
			buildPhases = (
				2EA121221C1A03D400847179 /* Sources */,
				2EA121231C1A03D400847179 /* Frameworks */,
				2EA121241C1A03D400847179 /* Resources */,
			);
			buildRules = (
			);
			dependencies = (
				2EA121281C1A03D400847179 /* PBXTargetDependency */,
			);
			name = MultiplesUITests;
			productName = MultiplesUITests;
			productReference = 2EA121261C1A03D400847179 /* MultiplesUITests.xctest */;
			productType = "com.apple.product-type.bundle.ui-testing";
		};
/* End PBXNativeTarget section */

/* Begin PBXProject section */
		2EA120FF1C1A03D400847179 /* Project object */ = {
			isa = PBXProject;
			attributes = {
				LastSwiftUpdateCheck = 0710;
				LastUpgradeCheck = 0710;
				ORGANIZATIONNAME = "Nathan Boosinger";
				TargetAttributes = {
					2EA121061C1A03D400847179 = {
						CreatedOnToolsVersion = 7.1.1;
					};
					2EA1211A1C1A03D400847179 = {
						CreatedOnToolsVersion = 7.1.1;
						TestTargetID = 2EA121061C1A03D400847179;
					};
					2EA121251C1A03D400847179 = {
						CreatedOnToolsVersion = 7.1.1;
						TestTargetID = 2EA121061C1A03D400847179;
					};
				};
			};
			buildConfigurationList = 2EA121021C1A03D400847179 /* Build configuration list for PBXProject "Multiples" */;
			compatibilityVersion = "Xcode 3.2";
			developmentRegion = English;
			hasScannedForEncodings = 0;
			knownRegions = (
				en,
				Base,
			);
			mainGroup = 2EA120FE1C1A03D400847179;
			productRefGroup = 2EA121081C1A03D400847179 /* Products */;
			projectDirPath = "";
			projectRoot = "";
			targets = (
				2EA121061C1A03D400847179 /* Multiples */,
				2EA1211A1C1A03D400847179 /* MultiplesTests */,
				2EA121251C1A03D400847179 /* MultiplesUITests */,
			);
		};
/* End PBXProject section */

/* Begin PBXResourcesBuildPhase section */
		2EA121051C1A03D400847179 /* Resources */ = {
			isa = PBXResourcesBuildPhase;
			buildActionMask = 2147483647;
			files = (
				2EA121151C1A03D400847179 /* LaunchScreen.storyboard in Resources */,
				2EA121121C1A03D400847179 /* Assets.xcassets in Resources */,
				2EA121101C1A03D400847179 /* Main.storyboard in Resources */,
			);
			runOnlyForDeploymentPostprocessing = 0;
		};
		2EA121191C1A03D400847179 /* Resources */ = {
			isa = PBXResourcesBuildPhase;
			buildActionMask = 2147483647;
			files = (
			);
			runOnlyForDeploymentPostprocessing = 0;
		};
		2EA121241C1A03D400847179 /* Resources */ = {
			isa = PBXResourcesBuildPhase;
			buildActionMask = 2147483647;
			files = (
			);
			runOnlyForDeploymentPostprocessing = 0;
		};
/* End PBXResourcesBuildPhase section */

/* Begin PBXSourcesBuildPhase section */
		2EA121031C1A03D400847179 /* Sources */ = {
			isa = PBXSourcesBuildPhase;
			buildActionMask = 2147483647;
			files = (
				2EA1210D1C1A03D400847179 /* ViewController.swift in Sources */,
				2EA1210B1C1A03D400847179 /* AppDelegate.swift in Sources */,
			);
			runOnlyForDeploymentPostprocessing = 0;
		};
		2EA121171C1A03D400847179 /* Sources */ = {
			isa = PBXSourcesBuildPhase;
			buildActionMask = 2147483647;
			files = (
				2EA121201C1A03D400847179 /* MultiplesTests.swift in Sources */,
			);
			runOnlyForDeploymentPostprocessing = 0;
		};
		2EA121221C1A03D400847179 /* Sources */ = {
			isa = PBXSourcesBuildPhase;
			buildActionMask = 2147483647;
			files = (
				2EA1212B1C1A03D400847179 /* MultiplesUITests.swift in Sources */,
			);
			runOnlyForDeploymentPostprocessing = 0;
		};
/* End PBXSourcesBuildPhase section */

/* Begin PBXTargetDependency section */
		2EA1211D1C1A03D400847179 /* PBXTargetDependency */ = {
			isa = PBXTargetDependency;
			target = 2EA121061C1A03D400847179 /* Multiples */;
			targetProxy = 2EA1211C1C1A03D400847179 /* PBXContainerItemProxy */;
		};
		2EA121281C1A03D400847179 /* PBXTargetDependency */ = {
			isa = PBXTargetDependency;
			target = 2EA121061C1A03D400847179 /* Multiples */;
			targetProxy = 2EA121271C1A03D400847179 /* PBXContainerItemProxy */;
		};
/* End PBXTargetDependency section */

/* Begin PBXVariantGroup section */
		2EA1210E1C1A03D400847179 /* Main.storyboard */ = {
			isa = PBXVariantGroup;
			children = (
				2EA1210F1C1A03D400847179 /* Base */,
			);
			name = Main.storyboard;
			sourceTree = "<group>";
		};
		2EA121131C1A03D400847179 /* LaunchScreen.storyboard */ = {
			isa = PBXVariantGroup;
			children = (
				2EA121141C1A03D400847179 /* Base */,
			);
			name = LaunchScreen.storyboard;
			sourceTree = "<group>";
		};
/* End PBXVariantGroup section */

/* Begin XCBuildConfiguration section */
		2EA1212D1C1A03D400847179 /* Debug */ = {
			isa = XCBuildConfiguration;
			buildSettings = {
				ALWAYS_SEARCH_USER_PATHS = NO;
				CLANG_CXX_LANGUAGE_STANDARD = "gnu++0x";
				CLANG_CXX_LIBRARY = "libc++";
				CLANG_ENABLE_MODULES = YES;
				CLANG_ENABLE_OBJC_ARC = YES;
				CLANG_WARN_BOOL_CONVERSION = YES;
				CLANG_WARN_CONSTANT_CONVERSION = YES;
				CLANG_WARN_DIRECT_OBJC_ISA_USAGE = YES_ERROR;
				CLANG_WARN_EMPTY_BODY = YES;
				CLANG_WARN_ENUM_CONVERSION = YES;
				CLANG_WARN_INT_CONVERSION = YES;
				CLANG_WARN_OBJC_ROOT_CLASS = YES_ERROR;
				CLANG_WARN_UNREACHABLE_CODE = YES;
				CLANG_WARN__DUPLICATE_METHOD_MATCH = YES;
				"CODE_SIGN_IDENTITY[sdk=iphoneos*]" = "iPhone Developer";
				COPY_PHASE_STRIP = NO;
				DEBUG_INFORMATION_FORMAT = dwarf;
				ENABLE_STRICT_OBJC_MSGSEND = YES;
				ENABLE_TESTABILITY = YES;
				GCC_C_LANGUAGE_STANDARD = gnu99;
				GCC_DYNAMIC_NO_PIC = NO;
				GCC_NO_COMMON_BLOCKS = YES;
				GCC_OPTIMIZATION_LEVEL = 0;
				GCC_PREPROCESSOR_DEFINITIONS = (
					"DEBUG=1",
					"$(inherited)",
				);
				GCC_WARN_64_TO_32_BIT_CONVERSION = YES;
				GCC_WARN_ABOUT_RETURN_TYPE = YES_ERROR;
				GCC_WARN_UNDECLARED_SELECTOR = YES;
				GCC_WARN_UNINITIALIZED_AUTOS = YES_AGGRESSIVE;
				GCC_WARN_UNUSED_FUNCTION = YES;
				GCC_WARN_UNUSED_VARIABLE = YES;
				IPHONEOS_DEPLOYMENT_TARGET = 9.1;
				MTL_ENABLE_DEBUG_INFO = YES;
				ONLY_ACTIVE_ARCH = YES;
				SDKROOT = iphoneos;
				SWIFT_OPTIMIZATION_LEVEL = "-Onone";
			};
			name = Debug;
		};
		2EA1212E1C1A03D400847179 /* Release */ = {
			isa = XCBuildConfiguration;
			buildSettings = {
				ALWAYS_SEARCH_USER_PATHS = NO;
				CLANG_CXX_LANGUAGE_STANDARD = "gnu++0x";
				CLANG_CXX_LIBRARY = "libc++";
				CLANG_ENABLE_MODULES = YES;
				CLANG_ENABLE_OBJC_ARC = YES;
				CLANG_WARN_BOOL_CONVERSION = YES;
				CLANG_WARN_CONSTANT_CONVERSION = YES;
				CLANG_WARN_DIRECT_OBJC_ISA_USAGE = YES_ERROR;
				CLANG_WARN_EMPTY_BODY = YES;
				CLANG_WARN_ENUM_CONVERSION = YES;
				CLANG_WARN_INT_CONVERSION = YES;
				CLANG_WARN_OBJC_ROOT_CLASS = YES_ERROR;
				CLANG_WARN_UNREACHABLE_CODE = YES;
				CLANG_WARN__DUPLICATE_METHOD_MATCH = YES;
				"CODE_SIGN_IDENTITY[sdk=iphoneos*]" = "iPhone Developer";
				COPY_PHASE_STRIP = NO;
				DEBUG_INFORMATION_FORMAT = "dwarf-with-dsym";
				ENABLE_NS_ASSERTIONS = NO;
				ENABLE_STRICT_OBJC_MSGSEND = YES;
				GCC_C_LANGUAGE_STANDARD = gnu99;
				GCC_NO_COMMON_BLOCKS = YES;
				GCC_WARN_64_TO_32_BIT_CONVERSION = YES;
				GCC_WARN_ABOUT_RETURN_TYPE = YES_ERROR;
				GCC_WARN_UNDECLARED_SELECTOR = YES;
				GCC_WARN_UNINITIALIZED_AUTOS = YES_AGGRESSIVE;
				GCC_WARN_UNUSED_FUNCTION = YES;
				GCC_WARN_UNUSED_VARIABLE = YES;
				IPHONEOS_DEPLOYMENT_TARGET = 9.1;
				MTL_ENABLE_DEBUG_INFO = NO;
				SDKROOT = iphoneos;
				VALIDATE_PRODUCT = YES;
			};
			name = Release;
		};
		2EA121301C1A03D400847179 /* Debug */ = {
			isa = XCBuildConfiguration;
			buildSettings = {
				ASSETCATALOG_COMPILER_APPICON_NAME = AppIcon;
				INFOPLIST_FILE = Multiples/Info.plist;
				LD_RUNPATH_SEARCH_PATHS = "$(inherited) @executable_path/Frameworks";
				PRODUCT_BUNDLE_IDENTIFIER = self.nathanboosinger.Multiples;
				PRODUCT_NAME = "$(TARGET_NAME)";
			};
			name = Debug;
		};
		2EA121311C1A03D400847179 /* Release */ = {
			isa = XCBuildConfiguration;
			buildSettings = {
				ASSETCATALOG_COMPILER_APPICON_NAME = AppIcon;
				INFOPLIST_FILE = Multiples/Info.plist;
				LD_RUNPATH_SEARCH_PATHS = "$(inherited) @executable_path/Frameworks";
				PRODUCT_BUNDLE_IDENTIFIER = self.nathanboosinger.Multiples;
				PRODUCT_NAME = "$(TARGET_NAME)";
			};
			name = Release;
		};
		2EA121331C1A03D400847179 /* Debug */ = {
			isa = XCBuildConfiguration;
			buildSettings = {
				BUNDLE_LOADER = "$(TEST_HOST)";
				INFOPLIST_FILE = MultiplesTests/Info.plist;
				LD_RUNPATH_SEARCH_PATHS = "$(inherited) @executable_path/Frameworks @loader_path/Frameworks";
				PRODUCT_BUNDLE_IDENTIFIER = self.nathanboosinger.MultiplesTests;
				PRODUCT_NAME = "$(TARGET_NAME)";
				TEST_HOST = "$(BUILT_PRODUCTS_DIR)/Multiples.app/Multiples";
			};
			name = Debug;
		};
		2EA121341C1A03D400847179 /* Release */ = {
			isa = XCBuildConfiguration;
			buildSettings = {
				BUNDLE_LOADER = "$(TEST_HOST)";
				INFOPLIST_FILE = MultiplesTests/Info.plist;
				LD_RUNPATH_SEARCH_PATHS = "$(inherited) @executable_path/Frameworks @loader_path/Frameworks";
				PRODUCT_BUNDLE_IDENTIFIER = self.nathanboosinger.MultiplesTests;
				PRODUCT_NAME = "$(TARGET_NAME)";
				TEST_HOST = "$(BUILT_PRODUCTS_DIR)/Multiples.app/Multiples";
			};
			name = Release;
		};
		2EA121361C1A03D400847179 /* Debug */ = {
			isa = XCBuildConfiguration;
			buildSettings = {
				INFOPLIST_FILE = MultiplesUITests/Info.plist;
				LD_RUNPATH_SEARCH_PATHS = "$(inherited) @executable_path/Frameworks @loader_path/Frameworks";
				PRODUCT_BUNDLE_IDENTIFIER = self.nathanboosinger.MultiplesUITests;
				PRODUCT_NAME = "$(TARGET_NAME)";
				TEST_TARGET_NAME = Multiples;
				USES_XCTRUNNER = YES;
			};
			name = Debug;
		};
		2EA121371C1A03D400847179 /* Release */ = {
			isa = XCBuildConfiguration;
			buildSettings = {
				INFOPLIST_FILE = MultiplesUITests/Info.plist;
				LD_RUNPATH_SEARCH_PATHS = "$(inherited) @executable_path/Frameworks @loader_path/Frameworks";
				PRODUCT_BUNDLE_IDENTIFIER = self.nathanboosinger.MultiplesUITests;
				PRODUCT_NAME = "$(TARGET_NAME)";
				TEST_TARGET_NAME = Multiples;
				USES_XCTRUNNER = YES;
			};
			name = Release;
		};
/* End XCBuildConfiguration section */

/* Begin XCConfigurationList section */
		2EA121021C1A03D400847179 /* Build configuration list for PBXProject "Multiples" */ = {
			isa = XCConfigurationList;
			buildConfigurations = (
				2EA1212D1C1A03D400847179 /* Debug */,
				2EA1212E1C1A03D400847179 /* Release */,
			);
			defaultConfigurationIsVisible = 0;
			defaultConfigurationName = Release;
		};
		2EA1212F1C1A03D400847179 /* Build configuration list for PBXNativeTarget "Multiples" */ = {
			isa = XCConfigurationList;
			buildConfigurations = (
				2EA121301C1A03D400847179 /* Debug */,
				2EA121311C1A03D400847179 /* Release */,
			);
			defaultConfigurationIsVisible = 0;
		};
		2EA121321C1A03D400847179 /* Build configuration list for PBXNativeTarget "MultiplesTests" */ = {
			isa = XCConfigurationList;
			buildConfigurations = (
				2EA121331C1A03D400847179 /* Debug */,
				2EA121341C1A03D400847179 /* Release */,
			);
			defaultConfigurationIsVisible = 0;
		};
		2EA121351C1A03D400847179 /* Build configuration list for PBXNativeTarget "MultiplesUITests" */ = {
			isa = XCConfigurationList;
			buildConfigurations = (
				2EA121361C1A03D400847179 /* Debug */,
				2EA121371C1A03D400847179 /* Release */,
			);
			defaultConfigurationIsVisible = 0;
		};
/* End XCConfigurationList section */
	};
	rootObject = 2EA120FF1C1A03D400847179 /* Project object */;
}
